
Microsoft Visual Studio Solution File, Format Version 12.00
# Visual Studio Version 16
VisualStudioVersion = 16.0.29709.97
MinimumVisualStudioVersion = 10.0.40219.1
Project("{9A19103F-16F7-4668-BE54-9A1E7A4F7556}") = "RicoPollo", "RicoPollo\RicoPollo.csproj", "{743669FC-9D20-4C19-82DD-3D6D79C2F588}"
EndProject
Project("{9A19103F-16F7-4668-BE54-9A1E7A4F7556}") = "RicoPollo.UI", "RicoPollo.UI\RicoPollo.UI.csproj", "{75876437-8E28-4ACE-AF6D-72C508AD00B3}"
EndProject
Project("{2150E333-8FDC-42A3-9474-1A3956D46DE8}") = "Standard", "Standard", "{23598345-D2A6-4125-BB2E-1779AFA074DE}"
EndProject
Project("{2150E333-8FDC-42A3-9474-1A3956D46DE8}") = "References", "References", "{76FE2D4D-3954-46FB-951B-167ED86F5647}"
EndProject
Project("{2150E333-8FDC-42A3-9474-1A3956D46DE8}") = "Xamarin", "Xamarin", "{40A43BC2-4584-483B-B6CD-C4EAF1C2F8B2}"
EndProject
Project("{FAE04EC0-301F-11D3-BF4B-00C04F79EFBC}") = "RicoPollo.Xamarin.Android", "RicoPollo.Xamarin\RicoPollo.Xamarin.Android\RicoPollo.Xamarin.Android.csproj", "{F7998964-079A-4599-9F78-6722691FCD5E}"
EndProject
Project("{9A19103F-16F7-4668-BE54-9A1E7A4F7556}") = "RicoPollo.Xamarin", "RicoPollo.Xamarin\RicoPollo.Xamarin\RicoPollo.Xamarin.csproj", "{E95461FC-AF4A-4048-8467-2A3BF2FEFCC1}"
EndProject
Project("{9A19103F-16F7-4668-BE54-9A1E7A4F7556}") = "OKHOSTING.Core", "..\..\..\..\..\Desarrollo\OKHOSTING.Core\src\Standard\OKHOSTING.Core\OKHOSTING.Core.csproj", "{4B1C859D-3E48-4976-9D8C-81E3C1F16B84}"
EndProject
Project("{FAE04EC0-301F-11D3-BF4B-00C04F79EFBC}") = "OKHOSTING.UI.Net4", "..\..\..\..\..\Desarrollo\OKHOSTING.UI\src\Net4\OKHOSTING.UI.Net4\OKHOSTING.UI.Net4.csproj", "{518EC9D1-4BD7-4683-A24B-57EB246090A6}"
EndProject
Project("{9A19103F-16F7-4668-BE54-9A1E7A4F7556}") = "OKHOSTING.UI.Xamarin.Forms", "..\..\..\..\..\Desarrollo\OKHOSTING.UI\src\Xamarin\OKHOSTING.UI.Xamarin.Forms\OKHOSTING.UI.Xamarin.Forms.csproj", "{BC638063-6AC6-4321-9D32-65AF34000437}"
EndProject
Project("{FAE04EC0-301F-11D3-BF4B-00C04F79EFBC}") = "OKHOSTING.UI.Xamarin.Android", "..\..\..\..\..\Desarrollo\OKHOSTING.UI\src\Xamarin\OKHOSTING.UI.Xamarin.Android\OKHOSTING.UI.Xamarin.Android.csproj", "{1675AA1D-5DBA-4007-9C8A-1E2316981088}"
EndProject
Project("{9A19103F-16F7-4668-BE54-9A1E7A4F7556}") = "OKHOSTING.UI", "..\..\..\..\..\Desarrollo\OKHOSTING.UI\src\Standard\OKHOSTING.UI\OKHOSTING.UI.csproj", "{B67CAF93-4E1C-4A0E-9955-3BCE3F6DE356}"
EndProject
Project("{9A19103F-16F7-4668-BE54-9A1E7A4F7556}") = "OKHOSTING.UI.CSS", "..\..\..\..\..\Desarrollo\OKHOSTING.UI\src\Standard\OKHOSTING.UI.CSS\OKHOSTING.UI.CSS.csproj", "{169A7E4D-C43F-4CF2-BFFE-085F56EA279D}"
EndProject
Global
	GlobalSection(SolutionConfigurationPlatforms) = preSolution
		Debug|Any CPU = Debug|Any CPU
		Release|Any CPU = Release|Any CPU
	EndGlobalSection
	GlobalSection(ProjectConfigurationPlatforms) = postSolution
		{743669FC-9D20-4C19-82DD-3D6D79C2F588}.Debug|Any CPU.ActiveCfg = Debug|Any CPU
		{743669FC-9D20-4C19-82DD-3D6D79C2F588}.Debug|Any CPU.Build.0 = Debug|Any CPU
		{743669FC-9D20-4C19-82DD-3D6D79C2F588}.Release|Any CPU.ActiveCfg = Release|Any CPU
		{743669FC-9D20-4C19-82DD-3D6D79C2F588}.Release|Any CPU.Build.0 = Release|Any CPU
		{75876437-8E28-4ACE-AF6D-72C508AD00B3}.Debug|Any CPU.ActiveCfg = Debug|Any CPU
		{75876437-8E28-4ACE-AF6D-72C508AD00B3}.Debug|Any CPU.Build.0 = Debug|Any CPU
		{75876437-8E28-4ACE-AF6D-72C508AD00B3}.Release|Any CPU.ActiveCfg = Release|Any CPU
		{75876437-8E28-4ACE-AF6D-72C508AD00B3}.Release|Any CPU.Build.0 = Release|Any CPU
		{F7998964-079A-4599-9F78-6722691FCD5E}.Debug|Any CPU.ActiveCfg = Debug|Any CPU
		{F7998964-079A-4599-9F78-6722691FCD5E}.Debug|Any CPU.Build.0 = Debug|Any CPU
		{F7998964-079A-4599-9F78-6722691FCD5E}.Debug|Any CPU.Deploy.0 = Debug|Any CPU
		{F7998964-079A-4599-9F78-6722691FCD5E}.Release|Any CPU.ActiveCfg = Release|Any CPU
		{F7998964-079A-4599-9F78-6722691FCD5E}.Release|Any CPU.Build.0 = Release|Any CPU
		{F7998964-079A-4599-9F78-6722691FCD5E}.Release|Any CPU.Deploy.0 = Release|Any CPU
		{E95461FC-AF4A-4048-8467-2A3BF2FEFCC1}.Debug|Any CPU.ActiveCfg = Debug|Any CPU
		{E95461FC-AF4A-4048-8467-2A3BF2FEFCC1}.Debug|Any CPU.Build.0 = Debug|Any CPU
		{E95461FC-AF4A-4048-8467-2A3BF2FEFCC1}.Release|Any CPU.ActiveCfg = Release|Any CPU
		{E95461FC-AF4A-4048-8467-2A3BF2FEFCC1}.Release|Any CPU.Build.0 = Release|Any CPU
		{4B1C859D-3E48-4976-9D8C-81E3C1F16B84}.Debug|Any CPU.ActiveCfg = Debug|Any CPU
		{4B1C859D-3E48-4976-9D8C-81E3C1F16B84}.Debug|Any CPU.Build.0 = Debug|Any CPU
		{4B1C859D-3E48-4976-9D8C-81E3C1F16B84}.Release|Any CPU.ActiveCfg = Release|Any CPU
		{4B1C859D-3E48-4976-9D8C-81E3C1F16B84}.Release|Any CPU.Build.0 = Release|Any CPU
		{518EC9D1-4BD7-4683-A24B-57EB246090A6}.Debug|Any CPU.ActiveCfg = Debug|Any CPU
		{518EC9D1-4BD7-4683-A24B-57EB246090A6}.Debug|Any CPU.Build.0 = Debug|Any CPU
		{518EC9D1-4BD7-4683-A24B-57EB246090A6}.Release|Any CPU.ActiveCfg = Release|Any CPU
		{518EC9D1-4BD7-4683-A24B-57EB246090A6}.Release|Any CPU.Build.0 = Release|Any CPU
		{BC638063-6AC6-4321-9D32-65AF34000437}.Debug|Any CPU.ActiveCfg = Debug|Any CPU
		{BC638063-6AC6-4321-9D32-65AF34000437}.Debug|Any CPU.Build.0 = Debug|Any CPU
		{BC638063-6AC6-4321-9D32-65AF34000437}.Release|Any CPU.ActiveCfg = Release|Any CPU
		{BC638063-6AC6-4321-9D32-65AF34000437}.Release|Any CPU.Build.0 = Release|Any CPU
		{1675AA1D-5DBA-4007-9C8A-1E2316981088}.Debug|Any CPU.ActiveCfg = Debug|Any CPU
		{1675AA1D-5DBA-4007-9C8A-1E2316981088}.Debug|Any CPU.Build.0 = Debug|Any CPU
		{1675AA1D-5DBA-4007-9C8A-1E2316981088}.Release|Any CPU.ActiveCfg = Release|Any CPU
		{1675AA1D-5DBA-4007-9C8A-1E2316981088}.Release|Any CPU.Build.0 = Release|Any CPU
		{B67CAF93-4E1C-4A0E-9955-3BCE3F6DE356}.Debug|Any CPU.ActiveCfg = Debug|Any CPU
		{B67CAF93-4E1C-4A0E-9955-3BCE3F6DE356}.Debug|Any CPU.Build.0 = Debug|Any CPU
		{B67CAF93-4E1C-4A0E-9955-3BCE3F6DE356}.Release|Any CPU.ActiveCfg = Release|Any CPU
		{B67CAF93-4E1C-4A0E-9955-3BCE3F6DE356}.Release|Any CPU.Build.0 = Release|Any CPU
		{169A7E4D-C43F-4CF2-BFFE-085F56EA279D}.Debug|Any CPU.ActiveCfg = Debug|Any CPU
		{169A7E4D-C43F-4CF2-BFFE-085F56EA279D}.Debug|Any CPU.Build.0 = Debug|Any CPU
		{169A7E4D-C43F-4CF2-BFFE-085F56EA279D}.Release|Any CPU.ActiveCfg = Release|Any CPU
		{169A7E4D-C43F-4CF2-BFFE-085F56EA279D}.Release|Any CPU.Build.0 = Release|Any CPU
	EndGlobalSection
	GlobalSection(SolutionProperties) = preSolution
		HideSolutionNode = FALSE
	EndGlobalSection
	GlobalSection(NestedProjects) = preSolution
		{743669FC-9D20-4C19-82DD-3D6D79C2F588} = {23598345-D2A6-4125-BB2E-1779AFA074DE}
		{75876437-8E28-4ACE-AF6D-72C508AD00B3} = {23598345-D2A6-4125-BB2E-1779AFA074DE}
		{F7998964-079A-4599-9F78-6722691FCD5E} = {40A43BC2-4584-483B-B6CD-C4EAF1C2F8B2}
		{E95461FC-AF4A-4048-8467-2A3BF2FEFCC1} = {40A43BC2-4584-483B-B6CD-C4EAF1C2F8B2}
		{4B1C859D-3E48-4976-9D8C-81E3C1F16B84} = {76FE2D4D-3954-46FB-951B-167ED86F5647}
		{518EC9D1-4BD7-4683-A24B-57EB246090A6} = {76FE2D4D-3954-46FB-951B-167ED86F5647}
		{BC638063-6AC6-4321-9D32-65AF34000437} = {76FE2D4D-3954-46FB-951B-167ED86F5647}
		{1675AA1D-5DBA-4007-9C8A-1E2316981088} = {76FE2D4D-3954-46FB-951B-167ED86F5647}
		{B67CAF93-4E1C-4A0E-9955-3BCE3F6DE356} = {76FE2D4D-3954-46FB-951B-167ED86F5647}
		{169A7E4D-C43F-4CF2-BFFE-085F56EA279D} = {76FE2D4D-3954-46FB-951B-167ED86F5647}
	EndGlobalSection
	GlobalSection(ExtensibilityGlobals) = postSolution
		SolutionGuid = {6AC6987A-32B8-4150-AA93-78642566B8B3}
	EndGlobalSection
EndGlobal
