
Microsoft Visual Studio Solution File, Format Version 12.00
# Visual Studio Version 16
VisualStudioVersion = 16.0.30128.74
MinimumVisualStudioVersion = 10.0.40219.1
Project("{FAE04EC0-301F-11D3-BF4B-00C04F79EFBC}") = "WebApplicationPdf", "WebApplicationPdf\WebApplicationPdf.csproj", "{B3A7909E-C61E-4D60-966F-F15769B1088F}"
EndProject
Global
	GlobalSection(SolutionConfigurationPlatforms) = preSolution
		Debug|Any CPU = Debug|Any CPU
		Release|Any CPU = Release|Any CPU
	EndGlobalSection
	GlobalSection(ProjectConfigurationPlatforms) = postSolution
		{B3A7909E-C61E-4D60-966F-F15769B1088F}.Debug|Any CPU.ActiveCfg = Debug|Any CPU
		{B3A7909E-C61E-4D60-966F-F15769B1088F}.Debug|Any CPU.Build.0 = Debug|Any CPU
		{B3A7909E-C61E-4D60-966F-F15769B1088F}.Release|Any CPU.ActiveCfg = Release|Any CPU
		{B3A7909E-C61E-4D60-966F-F15769B1088F}.Release|Any CPU.Build.0 = Release|Any CPU
	EndGlobalSection
	GlobalSection(SolutionProperties) = preSolution
		HideSolutionNode = FALSE
	EndGlobalSection
	GlobalSection(ExtensibilityGlobals) = postSolution
		SolutionGuid = {2411ABB8-757A-4379-BE91-1EE5BE98176C}
	EndGlobalSection
EndGlobal
