
Microsoft Visual Studio Solution File, Format Version 12.00
# Visual Studio Version 16
VisualStudioVersion = 16.0.29709.97
MinimumVisualStudioVersion = 10.0.40219.1
Project("{FAE04EC0-301F-11D3-BF4B-00C04F79EFBC}") = "NumeroRomano", "NumeroRomano\NumeroRomano.csproj", "{45A2B194-80EF-4876-A9A6-0EA8DBC03F3F}"
EndProject
Global
	GlobalSection(SolutionConfigurationPlatforms) = preSolution
		Debug|Any CPU = Debug|Any CPU
		Release|Any CPU = Release|Any CPU
	EndGlobalSection
	GlobalSection(ProjectConfigurationPlatforms) = postSolution
		{45A2B194-80EF-4876-A9A6-0EA8DBC03F3F}.Debug|Any CPU.ActiveCfg = Debug|Any CPU
		{45A2B194-80EF-4876-A9A6-0EA8DBC03F3F}.Debug|Any CPU.Build.0 = Debug|Any CPU
		{45A2B194-80EF-4876-A9A6-0EA8DBC03F3F}.Release|Any CPU.ActiveCfg = Release|Any CPU
		{45A2B194-80EF-4876-A9A6-0EA8DBC03F3F}.Release|Any CPU.Build.0 = Release|Any CPU
	EndGlobalSection
	GlobalSection(SolutionProperties) = preSolution
		HideSolutionNode = FALSE
	EndGlobalSection
	GlobalSection(ExtensibilityGlobals) = postSolution
		SolutionGuid = {ED136917-7E0E-41DA-A887-0B488CCCE8DD}
	EndGlobalSection
EndGlobal
