
Microsoft Visual Studio Solution File, Format Version 12.00
# Visual Studio Version 16
VisualStudioVersion = 16.0.30611.23
MinimumVisualStudioVersion = 10.0.40219.1
Project("{FAE04EC0-301F-11D3-BF4B-00C04F79EFBC}") = "TransactionDataBase", "TransactionDataBase\TransactionDataBase.csproj", "{DB0C3362-AE51-462C-B47E-123DA76255A5}"
EndProject
Project("{2150E333-8FDC-42A3-9474-1A3956D46DE8}") = "References", "References", "{E5549CBC-0D62-4B1A-B30B-C8093D5952FB}"
EndProject
Project("{2150E333-8FDC-42A3-9474-1A3956D46DE8}") = "Standard", "Standard", "{55A9D3BF-9B08-4CED-B839-207985AA5833}"
EndProject
Project("{9A19103F-16F7-4668-BE54-9A1E7A4F7556}") = "OKHOSTING.Core", "..\..\..\..\..\..\Desarrollo\OKHOSTING.Core\src\Standard\OKHOSTING.Core\OKHOSTING.Core.csproj", "{567CC25B-DF4E-4937-8B90-72C8D96E287F}"
EndProject
Project("{9A19103F-16F7-4668-BE54-9A1E7A4F7556}") = "OKHOSTING.Data", "..\..\..\..\..\..\Desarrollo\OKHOSTING.Data\src\Standard\OKHOSTING.Data\OKHOSTING.Data.csproj", "{59A73FD9-5BD5-44D3-962D-D5C433BAF159}"
EndProject
Project("{9A19103F-16F7-4668-BE54-9A1E7A4F7556}") = "OKHOSTING.ERP", "..\..\..\..\..\..\Desarrollo\OKHOSTING.ERP\src\Standard\OKHOSTING.ERP\OKHOSTING.ERP.csproj", "{41DFE887-6499-40AC-B490-4297665465FA}"
EndProject
Project("{9A19103F-16F7-4668-BE54-9A1E7A4F7556}") = "OKHOSTING.ORM", "..\..\..\..\..\..\Desarrollo\OKHOSTING.ORM\src\Standard\OKHOSTING.ORM\OKHOSTING.ORM.csproj", "{42911980-44C0-4FD2-8F60-1D4846356009}"
EndProject
Project("{9A19103F-16F7-4668-BE54-9A1E7A4F7556}") = "OKHOSTING.ORM.Cryptography", "..\..\..\..\..\..\Desarrollo\OKHOSTING.ORM\src\Standard\OKHOSTING.ORM.Cryptography\OKHOSTING.ORM.Cryptography.csproj", "{710A5814-1BB5-48CB-A5E3-3BD3588A12A3}"
EndProject
Project("{9A19103F-16F7-4668-BE54-9A1E7A4F7556}") = "OKHOSTING.People", "..\..\..\..\..\..\Desarrollo\OKHOSTING.People\src\OKHOSTING.People\OKHOSTING.People.csproj", "{54FAAEFD-AAF9-425A-9252-A9A5BFA85E99}"
EndProject
Project("{9A19103F-16F7-4668-BE54-9A1E7A4F7556}") = "OKHOSTING.Security", "..\..\..\..\..\..\Desarrollo\OKHOSTING.Security\src\Standard\OKHOSTING.Security\OKHOSTING.Security.csproj", "{D0F5913D-CF72-4156-B031-0F7677749C8E}"
EndProject
Project("{9A19103F-16F7-4668-BE54-9A1E7A4F7556}") = "OKHOSTING.Security.ORM", "..\..\..\..\..\..\Desarrollo\OKHOSTING.Security\src\Standard\OKHOSTING.Security.ORM\OKHOSTING.Security.ORM.csproj", "{5A56F28A-3B3F-4568-B7D3-C07FB576C54A}"
EndProject
Project("{9A19103F-16F7-4668-BE54-9A1E7A4F7556}") = "OKHOSTING.SQL", "..\..\..\..\..\..\Desarrollo\OKHOSTING.SQL\src\Standard\OKHOSTING.SQL\OKHOSTING.SQL.csproj", "{5D3D0AB5-8F51-47A7-AFDF-B22779000814}"
EndProject
Project("{9A19103F-16F7-4668-BE54-9A1E7A4F7556}") = "OKHOSTING.SQL.DbProviders", "..\..\..\..\..\..\Desarrollo\OKHOSTING.SQL\src\Standard\OKHOSTING.SQL.DbProviders\OKHOSTING.SQL.DbProviders.csproj", "{3A8567BF-C73A-4762-93D2-F16B40CACE4F}"
EndProject
Project("{9A19103F-16F7-4668-BE54-9A1E7A4F7556}") = "OKHOSTING.SQL.DbProviders.MySql", "..\..\..\..\..\..\Desarrollo\OKHOSTING.SQL\src\Standard\OKHOSTING.SQL.DbProviders.MySql\OKHOSTING.SQL.DbProviders.MySql.csproj", "{29AA4672-F55F-4012-A76D-75F2036E7726}"
EndProject
Project("{FAE04EC0-301F-11D3-BF4B-00C04F79EFBC}") = "Locki", "..\..\..\..\..\..\Desarrollo\Locki\src\Standard\Locki\Locki.csproj", "{2FFF2ECD-CD2C-4B55-985E-84CD6C750A1E}"
EndProject
Project("{9A19103F-16F7-4668-BE54-9A1E7A4F7556}") = "OKHOSTING.UI", "..\..\..\..\..\..\Desarrollo\OKHOSTING.UI\src\Standard\OKHOSTING.UI\OKHOSTING.UI.csproj", "{50C2DC12-BFA1-4194-A433-07149C01D64F}"
EndProject
Project("{FAE04EC0-301F-11D3-BF4B-00C04F79EFBC}") = "OKHOSTING.UI.Net4", "..\..\..\..\..\..\Desarrollo\OKHOSTING.UI\src\Net4\OKHOSTING.UI.Net4\OKHOSTING.UI.Net4.csproj", "{518EC9D1-4BD7-4683-A24B-57EB246090A6}"
EndProject
Project("{FAE04EC0-301F-11D3-BF4B-00C04F79EFBC}") = "OKHOSTING.UI.Net4.WebForms", "..\..\..\..\..\..\Desarrollo\OKHOSTING.UI\src\Net4\OKHOSTING.UI.Net4.WebForms\OKHOSTING.UI.Net4.WebForms.csproj", "{734C6A3D-406E-421F-878B-64425DD137DF}"
EndProject
Project("{2150E333-8FDC-42A3-9474-1A3956D46DE8}") = "Net4", "Net4", "{11CB5583-9B4B-4489-AC6A-92AAD21CFF2A}"
EndProject
Project("{FAE04EC0-301F-11D3-BF4B-00C04F79EFBC}") = "TransactionDataBase.UI", "TransactionDataBase.UI\TransactionDataBase.UI.csproj", "{D60F29F0-5972-4FF7-BB6A-068BA1B6A3C5}"
EndProject
Global
	GlobalSection(SolutionConfigurationPlatforms) = preSolution
		Debug|Any CPU = Debug|Any CPU
		Release|Any CPU = Release|Any CPU
	EndGlobalSection
	GlobalSection(ProjectConfigurationPlatforms) = postSolution
		{DB0C3362-AE51-462C-B47E-123DA76255A5}.Debug|Any CPU.ActiveCfg = Debug|Any CPU
		{DB0C3362-AE51-462C-B47E-123DA76255A5}.Debug|Any CPU.Build.0 = Debug|Any CPU
		{DB0C3362-AE51-462C-B47E-123DA76255A5}.Release|Any CPU.ActiveCfg = Release|Any CPU
		{DB0C3362-AE51-462C-B47E-123DA76255A5}.Release|Any CPU.Build.0 = Release|Any CPU
		{567CC25B-DF4E-4937-8B90-72C8D96E287F}.Debug|Any CPU.ActiveCfg = Debug|Any CPU
		{567CC25B-DF4E-4937-8B90-72C8D96E287F}.Debug|Any CPU.Build.0 = Debug|Any CPU
		{567CC25B-DF4E-4937-8B90-72C8D96E287F}.Release|Any CPU.ActiveCfg = Release|Any CPU
		{567CC25B-DF4E-4937-8B90-72C8D96E287F}.Release|Any CPU.Build.0 = Release|Any CPU
		{59A73FD9-5BD5-44D3-962D-D5C433BAF159}.Debug|Any CPU.ActiveCfg = Debug|Any CPU
		{59A73FD9-5BD5-44D3-962D-D5C433BAF159}.Debug|Any CPU.Build.0 = Debug|Any CPU
		{59A73FD9-5BD5-44D3-962D-D5C433BAF159}.Release|Any CPU.ActiveCfg = Release|Any CPU
		{59A73FD9-5BD5-44D3-962D-D5C433BAF159}.Release|Any CPU.Build.0 = Release|Any CPU
		{41DFE887-6499-40AC-B490-4297665465FA}.Debug|Any CPU.ActiveCfg = Debug|Any CPU
		{41DFE887-6499-40AC-B490-4297665465FA}.Debug|Any CPU.Build.0 = Debug|Any CPU
		{41DFE887-6499-40AC-B490-4297665465FA}.Release|Any CPU.ActiveCfg = Release|Any CPU
		{41DFE887-6499-40AC-B490-4297665465FA}.Release|Any CPU.Build.0 = Release|Any CPU
		{42911980-44C0-4FD2-8F60-1D4846356009}.Debug|Any CPU.ActiveCfg = Debug|Any CPU
		{42911980-44C0-4FD2-8F60-1D4846356009}.Debug|Any CPU.Build.0 = Debug|Any CPU
		{42911980-44C0-4FD2-8F60-1D4846356009}.Release|Any CPU.ActiveCfg = Release|Any CPU
		{42911980-44C0-4FD2-8F60-1D4846356009}.Release|Any CPU.Build.0 = Release|Any CPU
		{710A5814-1BB5-48CB-A5E3-3BD3588A12A3}.Debug|Any CPU.ActiveCfg = Debug|Any CPU
		{710A5814-1BB5-48CB-A5E3-3BD3588A12A3}.Debug|Any CPU.Build.0 = Debug|Any CPU
		{710A5814-1BB5-48CB-A5E3-3BD3588A12A3}.Release|Any CPU.ActiveCfg = Release|Any CPU
		{710A5814-1BB5-48CB-A5E3-3BD3588A12A3}.Release|Any CPU.Build.0 = Release|Any CPU
		{54FAAEFD-AAF9-425A-9252-A9A5BFA85E99}.Debug|Any CPU.ActiveCfg = Debug|Any CPU
		{54FAAEFD-AAF9-425A-9252-A9A5BFA85E99}.Debug|Any CPU.Build.0 = Debug|Any CPU
		{54FAAEFD-AAF9-425A-9252-A9A5BFA85E99}.Release|Any CPU.ActiveCfg = Release|Any CPU
		{54FAAEFD-AAF9-425A-9252-A9A5BFA85E99}.Release|Any CPU.Build.0 = Release|Any CPU
		{D0F5913D-CF72-4156-B031-0F7677749C8E}.Debug|Any CPU.ActiveCfg = Debug|Any CPU
		{D0F5913D-CF72-4156-B031-0F7677749C8E}.Debug|Any CPU.Build.0 = Debug|Any CPU
		{D0F5913D-CF72-4156-B031-0F7677749C8E}.Release|Any CPU.ActiveCfg = Release|Any CPU
		{D0F5913D-CF72-4156-B031-0F7677749C8E}.Release|Any CPU.Build.0 = Release|Any CPU
		{5A56F28A-3B3F-4568-B7D3-C07FB576C54A}.Debug|Any CPU.ActiveCfg = Debug|Any CPU
		{5A56F28A-3B3F-4568-B7D3-C07FB576C54A}.Debug|Any CPU.Build.0 = Debug|Any CPU
		{5A56F28A-3B3F-4568-B7D3-C07FB576C54A}.Release|Any CPU.ActiveCfg = Release|Any CPU
		{5A56F28A-3B3F-4568-B7D3-C07FB576C54A}.Release|Any CPU.Build.0 = Release|Any CPU
		{5D3D0AB5-8F51-47A7-AFDF-B22779000814}.Debug|Any CPU.ActiveCfg = Debug|Any CPU
		{5D3D0AB5-8F51-47A7-AFDF-B22779000814}.Debug|Any CPU.Build.0 = Debug|Any CPU
		{5D3D0AB5-8F51-47A7-AFDF-B22779000814}.Release|Any CPU.ActiveCfg = Release|Any CPU
		{5D3D0AB5-8F51-47A7-AFDF-B22779000814}.Release|Any CPU.Build.0 = Release|Any CPU
		{3A8567BF-C73A-4762-93D2-F16B40CACE4F}.Debug|Any CPU.ActiveCfg = Debug|Any CPU
		{3A8567BF-C73A-4762-93D2-F16B40CACE4F}.Debug|Any CPU.Build.0 = Debug|Any CPU
		{3A8567BF-C73A-4762-93D2-F16B40CACE4F}.Release|Any CPU.ActiveCfg = Release|Any CPU
		{3A8567BF-C73A-4762-93D2-F16B40CACE4F}.Release|Any CPU.Build.0 = Release|Any CPU
		{29AA4672-F55F-4012-A76D-75F2036E7726}.Debug|Any CPU.ActiveCfg = Debug|Any CPU
		{29AA4672-F55F-4012-A76D-75F2036E7726}.Debug|Any CPU.Build.0 = Debug|Any CPU
		{29AA4672-F55F-4012-A76D-75F2036E7726}.Release|Any CPU.ActiveCfg = Release|Any CPU
		{29AA4672-F55F-4012-A76D-75F2036E7726}.Release|Any CPU.Build.0 = Release|Any CPU
		{2FFF2ECD-CD2C-4B55-985E-84CD6C750A1E}.Debug|Any CPU.ActiveCfg = Debug|Any CPU
		{2FFF2ECD-CD2C-4B55-985E-84CD6C750A1E}.Debug|Any CPU.Build.0 = Debug|Any CPU
		{2FFF2ECD-CD2C-4B55-985E-84CD6C750A1E}.Release|Any CPU.ActiveCfg = Release|Any CPU
		{2FFF2ECD-CD2C-4B55-985E-84CD6C750A1E}.Release|Any CPU.Build.0 = Release|Any CPU
		{50C2DC12-BFA1-4194-A433-07149C01D64F}.Debug|Any CPU.ActiveCfg = Debug|Any CPU
		{50C2DC12-BFA1-4194-A433-07149C01D64F}.Debug|Any CPU.Build.0 = Debug|Any CPU
		{50C2DC12-BFA1-4194-A433-07149C01D64F}.Release|Any CPU.ActiveCfg = Release|Any CPU
		{50C2DC12-BFA1-4194-A433-07149C01D64F}.Release|Any CPU.Build.0 = Release|Any CPU
		{518EC9D1-4BD7-4683-A24B-57EB246090A6}.Debug|Any CPU.ActiveCfg = Debug|Any CPU
		{518EC9D1-4BD7-4683-A24B-57EB246090A6}.Debug|Any CPU.Build.0 = Debug|Any CPU
		{518EC9D1-4BD7-4683-A24B-57EB246090A6}.Release|Any CPU.ActiveCfg = Release|Any CPU
		{518EC9D1-4BD7-4683-A24B-57EB246090A6}.Release|Any CPU.Build.0 = Release|Any CPU
		{734C6A3D-406E-421F-878B-64425DD137DF}.Debug|Any CPU.ActiveCfg = Debug|Any CPU
		{734C6A3D-406E-421F-878B-64425DD137DF}.Debug|Any CPU.Build.0 = Debug|Any CPU
		{734C6A3D-406E-421F-878B-64425DD137DF}.Release|Any CPU.ActiveCfg = Release|Any CPU
		{734C6A3D-406E-421F-878B-64425DD137DF}.Release|Any CPU.Build.0 = Release|Any CPU
		{D60F29F0-5972-4FF7-BB6A-068BA1B6A3C5}.Debug|Any CPU.ActiveCfg = Debug|Any CPU
		{D60F29F0-5972-4FF7-BB6A-068BA1B6A3C5}.Debug|Any CPU.Build.0 = Debug|Any CPU
		{D60F29F0-5972-4FF7-BB6A-068BA1B6A3C5}.Release|Any CPU.ActiveCfg = Release|Any CPU
		{D60F29F0-5972-4FF7-BB6A-068BA1B6A3C5}.Release|Any CPU.Build.0 = Release|Any CPU
	EndGlobalSection
	GlobalSection(SolutionProperties) = preSolution
		HideSolutionNode = FALSE
	EndGlobalSection
	GlobalSection(NestedProjects) = preSolution
		{DB0C3362-AE51-462C-B47E-123DA76255A5} = {55A9D3BF-9B08-4CED-B839-207985AA5833}
		{567CC25B-DF4E-4937-8B90-72C8D96E287F} = {E5549CBC-0D62-4B1A-B30B-C8093D5952FB}
		{59A73FD9-5BD5-44D3-962D-D5C433BAF159} = {E5549CBC-0D62-4B1A-B30B-C8093D5952FB}
		{41DFE887-6499-40AC-B490-4297665465FA} = {E5549CBC-0D62-4B1A-B30B-C8093D5952FB}
		{42911980-44C0-4FD2-8F60-1D4846356009} = {E5549CBC-0D62-4B1A-B30B-C8093D5952FB}
		{710A5814-1BB5-48CB-A5E3-3BD3588A12A3} = {E5549CBC-0D62-4B1A-B30B-C8093D5952FB}
		{54FAAEFD-AAF9-425A-9252-A9A5BFA85E99} = {E5549CBC-0D62-4B1A-B30B-C8093D5952FB}
		{D0F5913D-CF72-4156-B031-0F7677749C8E} = {E5549CBC-0D62-4B1A-B30B-C8093D5952FB}
		{5A56F28A-3B3F-4568-B7D3-C07FB576C54A} = {E5549CBC-0D62-4B1A-B30B-C8093D5952FB}
		{5D3D0AB5-8F51-47A7-AFDF-B22779000814} = {E5549CBC-0D62-4B1A-B30B-C8093D5952FB}
		{3A8567BF-C73A-4762-93D2-F16B40CACE4F} = {E5549CBC-0D62-4B1A-B30B-C8093D5952FB}
		{29AA4672-F55F-4012-A76D-75F2036E7726} = {E5549CBC-0D62-4B1A-B30B-C8093D5952FB}
		{2FFF2ECD-CD2C-4B55-985E-84CD6C750A1E} = {E5549CBC-0D62-4B1A-B30B-C8093D5952FB}
		{50C2DC12-BFA1-4194-A433-07149C01D64F} = {E5549CBC-0D62-4B1A-B30B-C8093D5952FB}
		{518EC9D1-4BD7-4683-A24B-57EB246090A6} = {E5549CBC-0D62-4B1A-B30B-C8093D5952FB}
		{734C6A3D-406E-421F-878B-64425DD137DF} = {E5549CBC-0D62-4B1A-B30B-C8093D5952FB}
		{D60F29F0-5972-4FF7-BB6A-068BA1B6A3C5} = {11CB5583-9B4B-4489-AC6A-92AAD21CFF2A}
	EndGlobalSection
	GlobalSection(ExtensibilityGlobals) = postSolution
		SolutionGuid = {DABF9A47-BA2A-4B3E-96BE-0BCE0558EDDA}
	EndGlobalSection
EndGlobal
