
Microsoft Visual Studio Solution File, Format Version 12.00
# Visual Studio Version 16
VisualStudioVersion = 16.0.30611.23
MinimumVisualStudioVersion = 10.0.40219.1
Project("{FAE04EC0-301F-11D3-BF4B-00C04F79EFBC}") = "TestXamarinForms.Android", "TestXamarinForms\TestXamarinForms.Android\TestXamarinForms.Android.csproj", "{70F0D8EC-CA98-4CB1-A70B-C7D18A0A1D92}"
EndProject
Project("{FAE04EC0-301F-11D3-BF4B-00C04F79EFBC}") = "TestXamarinForms", "TestXamarinForms\TestXamarinForms\TestXamarinForms.csproj", "{76B4CE90-2ECA-4B73-978F-70A01B9EB10E}"
EndProject
Project("{2150E333-8FDC-42A3-9474-1A3956D46DE8}") = "References", "References", "{5306F756-4205-49F6-B184-6ACC1CAEEB93}"
EndProject
Project("{9A19103F-16F7-4668-BE54-9A1E7A4F7556}") = "OKHOSTING.Core", "..\..\..\..\..\Desarrollo\OKHOSTING.Core\src\Standard\OKHOSTING.Core\OKHOSTING.Core.csproj", "{B01C88D8-3760-4E7B-B2AF-55EF92593394}"
EndProject
Project("{9A19103F-16F7-4668-BE54-9A1E7A4F7556}") = "OKHOSTING.UI", "..\..\..\..\..\Desarrollo\OKHOSTING.UI\src\Standard\OKHOSTING.UI\OKHOSTING.UI.csproj", "{CCD8E82C-B2BB-4995-8631-415F1D33FA4C}"
EndProject
Project("{FAE04EC0-301F-11D3-BF4B-00C04F79EFBC}") = "OKHOSTING.UI.Xamarin.Android", "..\..\..\..\..\Desarrollo\OKHOSTING.UI\src\Xamarin\OKHOSTING.UI.Xamarin.Android\OKHOSTING.UI.Xamarin.Android.csproj", "{1675AA1D-5DBA-4007-9C8A-1E2316981088}"
EndProject
Project("{9A19103F-16F7-4668-BE54-9A1E7A4F7556}") = "OKHOSTING.UI.Xamarin.Forms", "..\..\..\..\..\Desarrollo\OKHOSTING.UI\src\Xamarin\OKHOSTING.UI.Xamarin.Forms\OKHOSTING.UI.Xamarin.Forms.csproj", "{7777F3A0-A28B-46C9-A75A-0078CB8B7341}"
EndProject
Project("{2150E333-8FDC-42A3-9474-1A3956D46DE8}") = "Standard", "Standard", "{B86DE3D1-3E7A-49A1-B45C-F95A073EEDAA}"
EndProject
Project("{FAE04EC0-301F-11D3-BF4B-00C04F79EFBC}") = "TestXamarinForms.UI", "TestXamarinForms.UI\TestXamarinForms.UI.csproj", "{4DCA50F1-C904-4ED2-A4FA-DB0BC52199F3}"
EndProject
Global
	GlobalSection(SolutionConfigurationPlatforms) = preSolution
		Debug|Any CPU = Debug|Any CPU
		Release|Any CPU = Release|Any CPU
	EndGlobalSection
	GlobalSection(ProjectConfigurationPlatforms) = postSolution
		{70F0D8EC-CA98-4CB1-A70B-C7D18A0A1D92}.Debug|Any CPU.ActiveCfg = Debug|Any CPU
		{70F0D8EC-CA98-4CB1-A70B-C7D18A0A1D92}.Debug|Any CPU.Build.0 = Debug|Any CPU
		{70F0D8EC-CA98-4CB1-A70B-C7D18A0A1D92}.Debug|Any CPU.Deploy.0 = Debug|Any CPU
		{70F0D8EC-CA98-4CB1-A70B-C7D18A0A1D92}.Release|Any CPU.ActiveCfg = Release|Any CPU
		{70F0D8EC-CA98-4CB1-A70B-C7D18A0A1D92}.Release|Any CPU.Build.0 = Release|Any CPU
		{70F0D8EC-CA98-4CB1-A70B-C7D18A0A1D92}.Release|Any CPU.Deploy.0 = Release|Any CPU
		{76B4CE90-2ECA-4B73-978F-70A01B9EB10E}.Debug|Any CPU.ActiveCfg = Debug|Any CPU
		{76B4CE90-2ECA-4B73-978F-70A01B9EB10E}.Debug|Any CPU.Build.0 = Debug|Any CPU
		{76B4CE90-2ECA-4B73-978F-70A01B9EB10E}.Debug|Any CPU.Deploy.0 = Debug|Any CPU
		{76B4CE90-2ECA-4B73-978F-70A01B9EB10E}.Release|Any CPU.ActiveCfg = Release|Any CPU
		{76B4CE90-2ECA-4B73-978F-70A01B9EB10E}.Release|Any CPU.Build.0 = Release|Any CPU
		{76B4CE90-2ECA-4B73-978F-70A01B9EB10E}.Release|Any CPU.Deploy.0 = Release|Any CPU
		{B01C88D8-3760-4E7B-B2AF-55EF92593394}.Debug|Any CPU.ActiveCfg = Debug|Any CPU
		{B01C88D8-3760-4E7B-B2AF-55EF92593394}.Debug|Any CPU.Build.0 = Debug|Any CPU
		{B01C88D8-3760-4E7B-B2AF-55EF92593394}.Release|Any CPU.ActiveCfg = Release|Any CPU
		{B01C88D8-3760-4E7B-B2AF-55EF92593394}.Release|Any CPU.Build.0 = Release|Any CPU
		{CCD8E82C-B2BB-4995-8631-415F1D33FA4C}.Debug|Any CPU.ActiveCfg = Debug|Any CPU
		{CCD8E82C-B2BB-4995-8631-415F1D33FA4C}.Debug|Any CPU.Build.0 = Debug|Any CPU
		{CCD8E82C-B2BB-4995-8631-415F1D33FA4C}.Release|Any CPU.ActiveCfg = Release|Any CPU
		{CCD8E82C-B2BB-4995-8631-415F1D33FA4C}.Release|Any CPU.Build.0 = Release|Any CPU
		{1675AA1D-5DBA-4007-9C8A-1E2316981088}.Debug|Any CPU.ActiveCfg = Debug|Any CPU
		{1675AA1D-5DBA-4007-9C8A-1E2316981088}.Debug|Any CPU.Build.0 = Debug|Any CPU
		{1675AA1D-5DBA-4007-9C8A-1E2316981088}.Release|Any CPU.ActiveCfg = Release|Any CPU
		{1675AA1D-5DBA-4007-9C8A-1E2316981088}.Release|Any CPU.Build.0 = Release|Any CPU
		{7777F3A0-A28B-46C9-A75A-0078CB8B7341}.Debug|Any CPU.ActiveCfg = Debug|Any CPU
		{7777F3A0-A28B-46C9-A75A-0078CB8B7341}.Debug|Any CPU.Build.0 = Debug|Any CPU
		{7777F3A0-A28B-46C9-A75A-0078CB8B7341}.Release|Any CPU.ActiveCfg = Release|Any CPU
		{7777F3A0-A28B-46C9-A75A-0078CB8B7341}.Release|Any CPU.Build.0 = Release|Any CPU
		{4DCA50F1-C904-4ED2-A4FA-DB0BC52199F3}.Debug|Any CPU.ActiveCfg = Debug|Any CPU
		{4DCA50F1-C904-4ED2-A4FA-DB0BC52199F3}.Debug|Any CPU.Build.0 = Debug|Any CPU
		{4DCA50F1-C904-4ED2-A4FA-DB0BC52199F3}.Release|Any CPU.ActiveCfg = Release|Any CPU
		{4DCA50F1-C904-4ED2-A4FA-DB0BC52199F3}.Release|Any CPU.Build.0 = Release|Any CPU
	EndGlobalSection
	GlobalSection(SolutionProperties) = preSolution
		HideSolutionNode = FALSE
	EndGlobalSection
	GlobalSection(NestedProjects) = preSolution
		{B01C88D8-3760-4E7B-B2AF-55EF92593394} = {5306F756-4205-49F6-B184-6ACC1CAEEB93}
		{CCD8E82C-B2BB-4995-8631-415F1D33FA4C} = {5306F756-4205-49F6-B184-6ACC1CAEEB93}
		{1675AA1D-5DBA-4007-9C8A-1E2316981088} = {5306F756-4205-49F6-B184-6ACC1CAEEB93}
		{7777F3A0-A28B-46C9-A75A-0078CB8B7341} = {5306F756-4205-49F6-B184-6ACC1CAEEB93}
		{4DCA50F1-C904-4ED2-A4FA-DB0BC52199F3} = {B86DE3D1-3E7A-49A1-B45C-F95A073EEDAA}
	EndGlobalSection
	GlobalSection(ExtensibilityGlobals) = postSolution
		SolutionGuid = {5689A261-36F0-456C-A221-31DE2C586004}
	EndGlobalSection
EndGlobal
